
Microsoft Visual Studio Solution File, Format Version 12.00
# Visual Studio 2012
Project("{FAE04EC0-301F-11D3-BF4B-00C04F79EFBC}") = "GdNet.Layers.Dtos", "GdNet.Layers.Services.Dtos\GdNet.Layers.Dtos.csproj", "{F2FBEF6F-22A6-49B5-8DFA-21E452F12DA0}"
EndProject
Project("{FAE04EC0-301F-11D3-BF4B-00C04F79EFBC}") = "NuGet.GdNet.Layers.Dtos", "NuGet.GdNet.Layers.Services.Dtos\NuGet.GdNet.Layers.Dtos.csproj", "{20F26768-F95C-4CEC-BA4C-D7B991197D07}"
EndProject
Global
	GlobalSection(SolutionConfigurationPlatforms) = preSolution
		Debug|Any CPU = Debug|Any CPU
		Release|Any CPU = Release|Any CPU
	EndGlobalSection
	GlobalSection(ProjectConfigurationPlatforms) = postSolution
		{F2FBEF6F-22A6-49B5-8DFA-21E452F12DA0}.Debug|Any CPU.ActiveCfg = Debug|Any CPU
		{F2FBEF6F-22A6-49B5-8DFA-21E452F12DA0}.Debug|Any CPU.Build.0 = Debug|Any CPU
		{F2FBEF6F-22A6-49B5-8DFA-21E452F12DA0}.Release|Any CPU.ActiveCfg = Release|Any CPU
		{F2FBEF6F-22A6-49B5-8DFA-21E452F12DA0}.Release|Any CPU.Build.0 = Release|Any CPU
		{20F26768-F95C-4CEC-BA4C-D7B991197D07}.Debug|Any CPU.ActiveCfg = Debug|Any CPU
		{20F26768-F95C-4CEC-BA4C-D7B991197D07}.Debug|Any CPU.Build.0 = Debug|Any CPU
		{20F26768-F95C-4CEC-BA4C-D7B991197D07}.Release|Any CPU.ActiveCfg = Release|Any CPU
		{20F26768-F95C-4CEC-BA4C-D7B991197D07}.Release|Any CPU.Build.0 = Release|Any CPU
	EndGlobalSection
	GlobalSection(SolutionProperties) = preSolution
		HideSolutionNode = FALSE
	EndGlobalSection
EndGlobal
